PODS:
  - pop (1.0.4)
  - POP+MCAnimate (1.1):
    - pop (~> 1.0)
    - POP+MCAnimate/Animations
    - POP+MCAnimate/Group
    - POP+MCAnimate/Internal
    - POP+MCAnimate/Shorthand
    - POP+MCAnimate/Velocity
  - POP+MCAnimate/Animations (1.1):
    - pop (~> 1.0)
    - POP+MCAnimate/Group
    - POP+MCAnimate/Internal
    - POP+MCAnimate/Shorthand
    - POP+MCAnimate/Velocity
  - POP+MCAnimate/Group (1.1):
    - pop (~> 1.0)
  - POP+MCAnimate/Internal (1.1):
    - pop (~> 1.0)
  - POP+MCAnimate/Shorthand (1.1):
    - pop (~> 1.0)
  - POP+MCAnimate/Velocity (1.1):
    - pop (~> 1.0)
    - POP+MCAnimate/Internal

DEPENDENCIES:
  - pop (~> 1.0)
  - POP+MCAnimate (~> 1.0)

SPEC CHECKSUMS:
  pop: 63a4f5e8942077fed2efe195036ecc572c71c48c
  POP+MCAnimate: ef516db169dd2010b7f2041b65ff3e70a5934587

COCOAPODS: 0.32.1
