// !$*UTF8*$!
{
	archiveVersion = 1;
	classes = {
	};
	objectVersion = 46;
	objects = {

/* Begin PBXBuildFile section */
		1E4AB4B0192318FC00B0267F /* Foundation.framework in Frameworks */ = {isa = PBXBuildFile; fileRef = 1E4AB4AF192318FC00B0267F /* Foundation.framework */; };
		1E4AB4B2192318FC00B0267F /* CoreGraphics.framework in Frameworks */ = {isa = PBXBuildFile; fileRef = 1E4AB4B1192318FC00B0267F /* CoreGraphics.framework */; };
		1E4AB4B4192318FC00B0267F /* UIKit.framework in Frameworks */ = {isa = PBXBuildFile; fileRef = 1E4AB4B3192318FC00B0267F /* UIKit.framework */; };
		1E4AB4BA192318FC00B0267F /* InfoPlist.strings in Resources */ = {isa = PBXBuildFile; fileRef = 1E4AB4B8192318FC00B0267F /* InfoPlist.strings */; };
		1E4AB4BC192318FC00B0267F /* main.m in Sources */ = {isa = PBXBuildFile; fileRef = 1E4AB4BB192318FC00B0267F /* main.m */; };
		1E4AB4C0192318FC00B0267F /* AppDelegate.m in Sources */ = {isa = PBXBuildFile; fileRef = 1E4AB4BF192318FC00B0267F /* AppDelegate.m */; };
		1E4AB4C2192318FC00B0267F /* Images.xcassets in Resources */ = {isa = PBXBuildFile; fileRef = 1E4AB4C1192318FC00B0267F /* Images.xcassets */; };
		1E4AB4C9192318FC00B0267F /* XCTest.framework in Frameworks */ = {isa = PBXBuildFile; fileRef = 1E4AB4C8192318FC00B0267F /* XCTest.framework */; };
		1E4AB4CA192318FC00B0267F /* Foundation.framework in Frameworks */ = {isa = PBXBuildFile; fileRef = 1E4AB4AF192318FC00B0267F /* Foundation.framework */; };
		1E4AB4CB192318FC00B0267F /* UIKit.framework in Frameworks */ = {isa = PBXBuildFile; fileRef = 1E4AB4B3192318FC00B0267F /* UIKit.framework */; };
		1E4AB4D3192318FC00B0267F /* InfoPlist.strings in Resources */ = {isa = PBXBuildFile; fileRef = 1E4AB4D1192318FC00B0267F /* InfoPlist.strings */; };
		1E4AB4D5192318FC00B0267F /* PopDemoTests.m in Sources */ = {isa = PBXBuildFile; fileRef = 1E4AB4D4192318FC00B0267F /* PopDemoTests.m */; };
		1EA15E47192319EE00A2FB5B /* iphone.storyboard in Resources */ = {isa = PBXBuildFile; fileRef = 1EA15E46192319EE00A2FB5B /* iphone.storyboard */; };
		1EA15E4A19231AD100A2FB5B /* SpringSampleViewController.m in Sources */ = {isa = PBXBuildFile; fileRef = 1EA15E4919231AD100A2FB5B /* SpringSampleViewController.m */; };
		1EA15E4D1923248D00A2FB5B /* DecaySampleViewController.m in Sources */ = {isa = PBXBuildFile; fileRef = 1EA15E4C1923248D00A2FB5B /* DecaySampleViewController.m */; };
		1EA15E50192326D300A2FB5B /* BasicSampleViewController.m in Sources */ = {isa = PBXBuildFile; fileRef = 1EA15E4F192326D300A2FB5B /* BasicSampleViewController.m */; };
		1EA386BD19235B7200328DC6 /* PopMCAnimateSampleViewController.m in Sources */ = {isa = PBXBuildFile; fileRef = 1EA386BC19235B7200328DC6 /* PopMCAnimateSampleViewController.m */; };
		1ECB61E519234FB2002704BE /* CustomPropertyViewController.m in Sources */ = {isa = PBXBuildFile; fileRef = 1ECB61E419234FB2002704BE /* CustomPropertyViewController.m */; };
		C4214EBDE29B4FB0A3258D48 /* libPods.a in Frameworks */ = {isa = PBXBuildFile; fileRef = 55973CE7F4D54BF5B3E848CE /* libPods.a */; };
/* End PBXBuildFile section */

/* Begin PBXContainerItemProxy section */
		1E4AB4CC192318FC00B0267F /* PBXContainerItemProxy */ = {
			isa = PBXContainerItemProxy;
			containerPortal = 1E4AB4A4192318FC00B0267F /* Project object */;
			proxyType = 1;
			remoteGlobalIDString = 1E4AB4AB192318FC00B0267F;
			remoteInfo = PopDemo;
		};
/* End PBXContainerItemProxy section */

/* Begin PBXFileReference section */
		1E4AB4AC192318FC00B0267F /* PopDemo.app */ = {isa = PBXFileReference; explicitFileType = wrapper.application; includeInIndex = 0; path = PopDemo.app; sourceTree = BUILT_PRODUCTS_DIR; };
		1E4AB4AF192318FC00B0267F /* Foundation.framework */ = {isa = PBXFileReference; lastKnownFileType = wrapper.framework; name = Foundation.framework; path = System/Library/Frameworks/Foundation.framework; sourceTree = SDKROOT; };
		1E4AB4B1192318FC00B0267F /* CoreGraphics.framework */ = {isa = PBXFileReference; lastKnownFileType = wrapper.framework; name = CoreGraphics.framework; path = System/Library/Frameworks/CoreGraphics.framework; sourceTree = SDKROOT; };
		1E4AB4B3192318FC00B0267F /* UIKit.framework */ = {isa = PBXFileReference; lastKnownFileType = wrapper.framework; name = UIKit.framework; path = System/Library/Frameworks/UIKit.framework; sourceTree = SDKROOT; };
		1E4AB4B7192318FC00B0267F /* PopDemo-Info.plist */ = {isa = PBXFileReference; lastKnownFileType = text.plist.xml; path = "PopDemo-Info.plist"; sourceTree = "<group>"; };
		1E4AB4B9192318FC00B0267F /* en */ = {isa = PBXFileReference; lastKnownFileType = text.plist.strings; name = en; path = en.lproj/InfoPlist.strings; sourceTree = "<group>"; };
		1E4AB4BB192318FC00B0267F /* main.m */ = {isa = PBXFileReference; lastKnownFileType = sourcecode.c.objc; path = main.m; sourceTree = "<group>"; };
		1E4AB4BD192318FC00B0267F /* PopDemo-Prefix.pch */ = {isa = PBXFileReference; lastKnownFileType = sourcecode.c.h; path = "PopDemo-Prefix.pch"; sourceTree = "<group>"; };
		1E4AB4BE192318FC00B0267F /* AppDelegate.h */ = {isa = PBXFileReference; lastKnownFileType = sourcecode.c.h; path = AppDelegate.h; sourceTree = "<group>"; };
		1E4AB4BF192318FC00B0267F /* AppDelegate.m */ = {isa = PBXFileReference; lastKnownFileType = sourcecode.c.objc; path = AppDelegate.m; sourceTree = "<group>"; };
		1E4AB4C1192318FC00B0267F /* Images.xcassets */ = {isa = PBXFileReference; lastKnownFileType = folder.assetcatalog; path = Images.xcassets; sourceTree = "<group>"; };
		1E4AB4C7192318FC00B0267F /* PopDemoTests.xctest */ = {isa = PBXFileReference; explicitFileType = wrapper.cfbundle; includeInIndex = 0; path = PopDemoTests.xctest; sourceTree = BUILT_PRODUCTS_DIR; };
		1E4AB4C8192318FC00B0267F /* XCTest.framework */ = {isa = PBXFileReference; lastKnownFileType = wrapper.framework; name = XCTest.framework; path = Library/Frameworks/XCTest.framework; sourceTree = DEVELOPER_DIR; };
		1E4AB4D0192318FC00B0267F /* PopDemoTests-Info.plist */ = {isa = PBXFileReference; lastKnownFileType = text.plist.xml; path = "PopDemoTests-Info.plist"; sourceTree = "<group>"; };
		1E4AB4D2192318FC00B0267F /* en */ = {isa = PBXFileReference; lastKnownFileType = text.plist.strings; name = en; path = en.lproj/InfoPlist.strings; sourceTree = "<group>"; };
		1E4AB4D4192318FC00B0267F /* PopDemoTests.m */ = {isa = PBXFileReference; lastKnownFileType = sourcecode.c.objc; path = PopDemoTests.m; sourceTree = "<group>"; };
		1EA15E46192319EE00A2FB5B /* iphone.storyboard */ = {isa = PBXFileReference; fileEncoding = 4; lastKnownFileType = file.storyboard; path = iphone.storyboard; sourceTree = "<group>"; };
		1EA15E4819231AD100A2FB5B /* SpringSampleViewController.h */ = {isa = PBXFileReference; fileEncoding = 4; lastKnownFileType = sourcecode.c.h; path = SpringSampleViewController.h; sourceTree = "<group>"; };
		1EA15E4919231AD100A2FB5B /* SpringSampleViewController.m */ = {isa = PBXFileReference; fileEncoding = 4; lastKnownFileType = sourcecode.c.objc; path = SpringSampleViewController.m; sourceTree = "<group>"; };
		1EA15E4B1923248D00A2FB5B /* DecaySampleViewController.h */ = {isa = PBXFileReference; fileEncoding = 4; lastKnownFileType = sourcecode.c.h; path = DecaySampleViewController.h; sourceTree = "<group>"; };
		1EA15E4C1923248D00A2FB5B /* DecaySampleViewController.m */ = {isa = PBXFileReference; fileEncoding = 4; lastKnownFileType = sourcecode.c.objc; path = DecaySampleViewController.m; sourceTree = "<group>"; };
		1EA15E4E192326D300A2FB5B /* BasicSampleViewController.h */ = {isa = PBXFileReference; fileEncoding = 4; lastKnownFileType = sourcecode.c.h; path = BasicSampleViewController.h; sourceTree = "<group>"; };
		1EA15E4F192326D300A2FB5B /* BasicSampleViewController.m */ = {isa = PBXFileReference; fileEncoding = 4; lastKnownFileType = sourcecode.c.objc; path = BasicSampleViewController.m; sourceTree = "<group>"; };
		1EA386BB19235B7200328DC6 /* PopMCAnimateSampleViewController.h */ = {isa = PBXFileReference; fileEncoding = 4; lastKnownFileType = sourcecode.c.h; path = PopMCAnimateSampleViewController.h; sourceTree = "<group>"; };
		1EA386BC19235B7200328DC6 /* PopMCAnimateSampleViewController.m */ = {isa = PBXFileReference; fileEncoding = 4; lastKnownFileType = sourcecode.c.objc; path = PopMCAnimateSampleViewController.m; sourceTree = "<group>"; };
		1ECB61E319234FB2002704BE /* CustomPropertyViewController.h */ = {isa = PBXFileReference; fileEncoding = 4; lastKnownFileType = sourcecode.c.h; path = CustomPropertyViewController.h; sourceTree = "<group>"; };
		1ECB61E419234FB2002704BE /* CustomPropertyViewController.m */ = {isa = PBXFileReference; fileEncoding = 4; lastKnownFileType = sourcecode.c.objc; path = CustomPropertyViewController.m; sourceTree = "<group>"; };
		55973CE7F4D54BF5B3E848CE /* libPods.a */ = {isa = PBXFileReference; explicitFileType = archive.ar; includeInIndex = 0; path = libPods.a; sourceTree = BUILT_PRODUCTS_DIR; };
		ED084D3B9487432BA31140CC /* Pods.xcconfig */ = {isa = PBXFileReference; includeInIndex = 1; lastKnownFileType = text.xcconfig; name = Pods.xcconfig; path = Pods/Pods.xcconfig; sourceTree = "<group>"; };
/* End PBXFileReference section */

/* Begin PBXFrameworksBuildPhase section */
		1E4AB4A9192318FC00B0267F /* Frameworks */ = {
			isa = PBXFrameworksBuildPhase;
			buildActionMask = 2147483647;
			files = (
				1E4AB4B2192318FC00B0267F /* CoreGraphics.framework in Frameworks */,
				1E4AB4B4192318FC00B0267F /* UIKit.framework in Frameworks */,
				1E4AB4B0192318FC00B0267F /* Foundation.framework in Frameworks */,
				C4214EBDE29B4FB0A3258D48 /* libPods.a in Frameworks */,
			);
			runOnlyForDeploymentPostprocessing = 0;
		};
		1E4AB4C4192318FC00B0267F /* Frameworks */ = {
			isa = PBXFrameworksBuildPhase;
			buildActionMask = 2147483647;
			files = (
				1E4AB4C9192318FC00B0267F /* XCTest.framework in Frameworks */,
				1E4AB4CB192318FC00B0267F /* UIKit.framework in Frameworks */,
				1E4AB4CA192318FC00B0267F /* Foundation.framework in Frameworks */,
			);
			runOnlyForDeploymentPostprocessing = 0;
		};
/* End PBXFrameworksBuildPhase section */

/* Begin PBXGroup section */
		1E4AB4A3192318FC00B0267F = {
			isa = PBXGroup;
			children = (
				1E4AB4B5192318FC00B0267F /* PopDemo */,
				1E4AB4CE192318FC00B0267F /* PopDemoTests */,
				1E4AB4AE192318FC00B0267F /* Frameworks */,
				1E4AB4AD192318FC00B0267F /* Products */,
				ED084D3B9487432BA31140CC /* Pods.xcconfig */,
			);
			sourceTree = "<group>";
		};
		1E4AB4AD192318FC00B0267F /* Products */ = {
			isa = PBXGroup;
			children = (
				1E4AB4AC192318FC00B0267F /* PopDemo.app */,
				1E4AB4C7192318FC00B0267F /* PopDemoTests.xctest */,
			);
			name = Products;
			sourceTree = "<group>";
		};
		1E4AB4AE192318FC00B0267F /* Frameworks */ = {
			isa = PBXGroup;
			children = (
				1E4AB4AF192318FC00B0267F /* Foundation.framework */,
				1E4AB4B1192318FC00B0267F /* CoreGraphics.framework */,
				1E4AB4B3192318FC00B0267F /* UIKit.framework */,
				1E4AB4C8192318FC00B0267F /* XCTest.framework */,
				55973CE7F4D54BF5B3E848CE /* libPods.a */,
			);
			name = Frameworks;
			sourceTree = "<group>";
		};
		1E4AB4B5192318FC00B0267F /* PopDemo */ = {
			isa = PBXGroup;
			children = (
				1E4AB4BE192318FC00B0267F /* AppDelegate.h */,
				1E4AB4BF192318FC00B0267F /* AppDelegate.m */,
				1E4AB4C1192318FC00B0267F /* Images.xcassets */,
				1E4AB4B6192318FC00B0267F /* Supporting Files */,
				1EA15E4819231AD100A2FB5B /* SpringSampleViewController.h */,
				1EA15E4919231AD100A2FB5B /* SpringSampleViewController.m */,
				1EA15E4B1923248D00A2FB5B /* DecaySampleViewController.h */,
				1EA15E4C1923248D00A2FB5B /* DecaySampleViewController.m */,
				1EA15E4E192326D300A2FB5B /* BasicSampleViewController.h */,
				1EA15E4F192326D300A2FB5B /* BasicSampleViewController.m */,
				1ECB61E319234FB2002704BE /* CustomPropertyViewController.h */,
				1ECB61E419234FB2002704BE /* CustomPropertyViewController.m */,
				1EA386BB19235B7200328DC6 /* PopMCAnimateSampleViewController.h */,
				1EA386BC19235B7200328DC6 /* PopMCAnimateSampleViewController.m */,
			);
			path = PopDemo;
			sourceTree = "<group>";
		};
		1E4AB4B6192318FC00B0267F /* Supporting Files */ = {
			isa = PBXGroup;
			children = (
				1E4AB4B7192318FC00B0267F /* PopDemo-Info.plist */,
				1E4AB4B8192318FC00B0267F /* InfoPlist.strings */,
				1E4AB4BB192318FC00B0267F /* main.m */,
				1E4AB4BD192318FC00B0267F /* PopDemo-Prefix.pch */,
				1EA15E46192319EE00A2FB5B /* iphone.storyboard */,
			);
			name = "Supporting Files";
			sourceTree = "<group>";
		};
		1E4AB4CE192318FC00B0267F /* PopDemoTests */ = {
			isa = PBXGroup;
			children = (
				1E4AB4D4192318FC00B0267F /* PopDemoTests.m */,
				1E4AB4CF192318FC00B0267F /* Supporting Files */,
			);
			path = PopDemoTests;
			sourceTree = "<group>";
		};
		1E4AB4CF192318FC00B0267F /* Supporting Files */ = {
			isa = PBXGroup;
			children = (
				1E4AB4D0192318FC00B0267F /* PopDemoTests-Info.plist */,
				1E4AB4D1192318FC00B0267F /* InfoPlist.strings */,
			);
			name = "Supporting Files";
			sourceTree = "<group>";
		};
/* End PBXGroup section */

/* Begin PBXNativeTarget section */
		1E4AB4AB192318FC00B0267F /* PopDemo */ = {
			isa = PBXNativeTarget;
			buildConfigurationList = 1E4AB4D8192318FC00B0267F /* Build configuration list for PBXNativeTarget "PopDemo" */;
			buildPhases = (
				32D9B35B5CD841BDAA197B01 /* Check Pods Manifest.lock */,
				1E4AB4A8192318FC00B0267F /* Sources */,
				1E4AB4A9192318FC00B0267F /* Frameworks */,
				1E4AB4AA192318FC00B0267F /* Resources */,
				1BB84F1B33174A68844A2694 /* Copy Pods Resources */,
			);
			buildRules = (
			);
			dependencies = (
			);
			name = PopDemo;
			productName = PopDemo;
			productReference = 1E4AB4AC192318FC00B0267F /* PopDemo.app */;
			productType = "com.apple.product-type.application";
		};
		1E4AB4C6192318FC00B0267F /* PopDemoTests */ = {
			isa = PBXNativeTarget;
			buildConfigurationList = 1E4AB4DB192318FC00B0267F /* Build configuration list for PBXNativeTarget "PopDemoTests" */;
			buildPhases = (
				1E4AB4C3192318FC00B0267F /* Sources */,
				1E4AB4C4192318FC00B0267F /* Frameworks */,
				1E4AB4C5192318FC00B0267F /* Resources */,
			);
			buildRules = (
			);
			dependencies = (
				1E4AB4CD192318FC00B0267F /* PBXTargetDependency */,
			);
			name = PopDemoTests;
			productName = PopDemoTests;
			productReference = 1E4AB4C7192318FC00B0267F /* PopDemoTests.xctest */;
			productType = "com.apple.product-type.bundle.unit-test";
		};
/* End PBXNativeTarget section */

/* Begin PBXProject section */
		1E4AB4A4192318FC00B0267F /* Project object */ = {
			isa = PBXProject;
			attributes = {
				LastUpgradeCheck = 0510;
				ORGANIZATIONNAME = "murata gaia";
				TargetAttributes = {
					1E4AB4C6192318FC00B0267F = {
						TestTargetID = 1E4AB4AB192318FC00B0267F;
					};
				};
			};
			buildConfigurationList = 1E4AB4A7192318FC00B0267F /* Build configuration list for PBXProject "PopDemo" */;
			compatibilityVersion = "Xcode 3.2";
			developmentRegion = English;
			hasScannedForEncodings = 0;
			knownRegions = (
				en,
			);
			mainGroup = 1E4AB4A3192318FC00B0267F;
			productRefGroup = 1E4AB4AD192318FC00B0267F /* Products */;
			projectDirPath = "";
			projectRoot = "";
			targets = (
				1E4AB4AB192318FC00B0267F /* PopDemo */,
				1E4AB4C6192318FC00B0267F /* PopDemoTests */,
			);
		};
/* End PBXProject section */

/* Begin PBXResourcesBuildPhase section */
		1E4AB4AA192318FC00B0267F /* Resources */ = {
			isa = PBXResourcesBuildPhase;
			buildActionMask = 2147483647;
			files = (
				1EA15E47192319EE00A2FB5B /* iphone.storyboard in Resources */,
				1E4AB4BA192318FC00B0267F /* InfoPlist.strings in Resources */,
				1E4AB4C2192318FC00B0267F /* Images.xcassets in Resources */,
			);
			runOnlyForDeploymentPostprocessing = 0;
		};
		1E4AB4C5192318FC00B0267F /* Resources */ = {
			isa = PBXResourcesBuildPhase;
			buildActionMask = 2147483647;
			files = (
				1E4AB4D3192318FC00B0267F /* InfoPlist.strings in Resources */,
			);
			runOnlyForDeploymentPostprocessing = 0;
		};
/* End PBXResourcesBuildPhase section */

/* Begin PBXShellScriptBuildPhase section */
		1BB84F1B33174A68844A2694 /* Copy Pods Resources */ = {
			isa = PBXShellScriptBuildPhase;
			buildActionMask = 2147483647;
			files = (
			);
			inputPaths = (
			);
			name = "Copy Pods Resources";
			outputPaths = (
			);
			runOnlyForDeploymentPostprocessing = 0;
			shellPath = /bin/sh;
			shellScript = "\"${SRCROOT}/Pods/Pods-resources.sh\"\n";
			showEnvVarsInLog = 0;
		};
		32D9B35B5CD841BDAA197B01 /* Check Pods Manifest.lock */ = {
			isa = PBXShellScriptBuildPhase;
			buildActionMask = 2147483647;
			files = (
			);
			inputPaths = (
			);
			name = "Check Pods Manifest.lock";
			outputPaths = (
			);
			runOnlyForDeploymentPostprocessing = 0;
			shellPath = /bin/sh;
			shellScript = "diff \"${PODS_ROOT}/../Podfile.lock\" \"${PODS_ROOT}/Manifest.lock\" > /dev/null\nif [[ $? != 0 ]] ; then\n    cat << EOM\nerror: The sandbox is not in sync with the Podfile.lock. Run 'pod install' or update your CocoaPods installation.\nEOM\n    exit 1\nfi\n";
			showEnvVarsInLog = 0;
		};
/* End PBXShellScriptBuildPhase section */

/* Begin PBXSourcesBuildPhase section */
		1E4AB4A8192318FC00B0267F /* Sources */ = {
			isa = PBXSourcesBuildPhase;
			buildActionMask = 2147483647;
			files = (
				1E4AB4C0192318FC00B0267F /* AppDelegate.m in Sources */,
				1EA15E50192326D300A2FB5B /* BasicSampleViewController.m in Sources */,
				1EA15E4D1923248D00A2FB5B /* DecaySampleViewController.m in Sources */,
				1EA386BD19235B7200328DC6 /* PopMCAnimateSampleViewController.m in Sources */,
				1EA15E4A19231AD100A2FB5B /* SpringSampleViewController.m in Sources */,
				1ECB61E519234FB2002704BE /* CustomPropertyViewController.m in Sources */,
				1E4AB4BC192318FC00B0267F /* main.m in Sources */,
			);
			runOnlyForDeploymentPostprocessing = 0;
		};
		1E4AB4C3192318FC00B0267F /* Sources */ = {
			isa = PBXSourcesBuildPhase;
			buildActionMask = 2147483647;
			files = (
				1E4AB4D5192318FC00B0267F /* PopDemoTests.m in Sources */,
			);
			runOnlyForDeploymentPostprocessing = 0;
		};
/* End PBXSourcesBuildPhase section */

/* Begin PBXTargetDependency section */
		1E4AB4CD192318FC00B0267F /* PBXTargetDependency */ = {
			isa = PBXTargetDependency;
			target = 1E4AB4AB192318FC00B0267F /* PopDemo */;
			targetProxy = 1E4AB4CC192318FC00B0267F /* PBXContainerItemProxy */;
		};
/* End PBXTargetDependency section */

/* Begin PBXVariantGroup section */
		1E4AB4B8192318FC00B0267F /* InfoPlist.strings */ = {
			isa = PBXVariantGroup;
			children = (
				1E4AB4B9192318FC00B0267F /* en */,
			);
			name = InfoPlist.strings;
			sourceTree = "<group>";
		};
		1E4AB4D1192318FC00B0267F /* InfoPlist.strings */ = {
			isa = PBXVariantGroup;
			children = (
				1E4AB4D2192318FC00B0267F /* en */,
			);
			name = InfoPlist.strings;
			sourceTree = "<group>";
		};
/* End PBXVariantGroup section */

/* Begin XCBuildConfiguration section */
		1E4AB4D6192318FC00B0267F /* Debug */ = {
			isa = XCBuildConfiguration;
			buildSettings = {
				ALWAYS_SEARCH_USER_PATHS = NO;
				CLANG_CXX_LANGUAGE_STANDARD = "gnu++0x";
				CLANG_CXX_LIBRARY = "libc++";
				CLANG_ENABLE_MODULES = YES;
				CLANG_ENABLE_OBJC_ARC = YES;
				CLANG_WARN_BOOL_CONVERSION = YES;
				CLANG_WARN_CONSTANT_CONVERSION = YES;
				CLANG_WARN_DIRECT_OBJC_ISA_USAGE = YES_ERROR;
				CLANG_WARN_EMPTY_BODY = YES;
				CLANG_WARN_ENUM_CONVERSION = YES;
				CLANG_WARN_INT_CONVERSION = YES;
				CLANG_WARN_OBJC_ROOT_CLASS = YES_ERROR;
				CLANG_WARN__DUPLICATE_METHOD_MATCH = YES;
				"CODE_SIGN_IDENTITY[sdk=iphoneos*]" = "iPhone Developer";
				COPY_PHASE_STRIP = NO;
				GCC_C_LANGUAGE_STANDARD = gnu99;
				GCC_DYNAMIC_NO_PIC = NO;
				GCC_OPTIMIZATION_LEVEL = 0;
				GCC_PREPROCESSOR_DEFINITIONS = (
					"DEBUG=1",
					"$(inherited)",
				);
				GCC_SYMBOLS_PRIVATE_EXTERN = NO;
				GCC_WARN_64_TO_32_BIT_CONVERSION = YES;
				GCC_WARN_ABOUT_RETURN_TYPE = YES_ERROR;
				GCC_WARN_UNDECLARED_SELECTOR = YES;
				GCC_WARN_UNINITIALIZED_AUTOS = YES_AGGRESSIVE;
				GCC_WARN_UNUSED_FUNCTION = YES;
				GCC_WARN_UNUSED_VARIABLE = YES;
				IPHONEOS_DEPLOYMENT_TARGET = 7.1;
				ONLY_ACTIVE_ARCH = YES;
				SDKROOT = iphoneos;
				TARGETED_DEVICE_FAMILY = "1,2";
			};
			name = Debug;
		};
		1E4AB4D7192318FC00B0267F /* Release */ = {
			isa = XCBuildConfiguration;
			buildSettings = {
				ALWAYS_SEARCH_USER_PATHS = NO;
				CLANG_CXX_LANGUAGE_STANDARD = "gnu++0x";
				CLANG_CXX_LIBRARY = "libc++";
				CLANG_ENABLE_MODULES = YES;
				CLANG_ENABLE_OBJC_ARC = YES;
				CLANG_WARN_BOOL_CONVERSION = YES;
				CLANG_WARN_CONSTANT_CONVERSION = YES;
				CLANG_WARN_DIRECT_OBJC_ISA_USAGE = YES_ERROR;
				CLANG_WARN_EMPTY_BODY = YES;
				CLANG_WARN_ENUM_CONVERSION = YES;
				CLANG_WARN_INT_CONVERSION = YES;
				CLANG_WARN_OBJC_ROOT_CLASS = YES_ERROR;
				CLANG_WARN__DUPLICATE_METHOD_MATCH = YES;
				"CODE_SIGN_IDENTITY[sdk=iphoneos*]" = "iPhone Developer";
				COPY_PHASE_STRIP = YES;
				ENABLE_NS_ASSERTIONS = NO;
				GCC_C_LANGUAGE_STANDARD = gnu99;
				GCC_WARN_64_TO_32_BIT_CONVERSION = YES;
				GCC_WARN_ABOUT_RETURN_TYPE = YES_ERROR;
				GCC_WARN_UNDECLARED_SELECTOR = YES;
				GCC_WARN_UNINITIALIZED_AUTOS = YES_AGGRESSIVE;
				GCC_WARN_UNUSED_FUNCTION = YES;
				GCC_WARN_UNUSED_VARIABLE = YES;
				IPHONEOS_DEPLOYMENT_TARGET = 7.1;
				SDKROOT = iphoneos;
				TARGETED_DEVICE_FAMILY = "1,2";
				VALIDATE_PRODUCT = YES;
			};
			name = Release;
		};
		1E4AB4D9192318FC00B0267F /* Debug */ = {
			isa = XCBuildConfiguration;
			baseConfigurationReference = ED084D3B9487432BA31140CC /* Pods.xcconfig */;
			buildSettings = {
				ASSETCATALOG_COMPILER_APPICON_NAME = AppIcon;
				ASSETCATALOG_COMPILER_LAUNCHIMAGE_NAME = LaunchImage;
				GCC_PRECOMPILE_PREFIX_HEADER = YES;
				GCC_PREFIX_HEADER = "PopDemo/PopDemo-Prefix.pch";
				INFOPLIST_FILE = "PopDemo/PopDemo-Info.plist";
				PRODUCT_NAME = "$(TARGET_NAME)";
				WRAPPER_EXTENSION = app;
			};
			name = Debug;
		};
		1E4AB4DA192318FC00B0267F /* Release */ = {
			isa = XCBuildConfiguration;
			baseConfigurationReference = ED084D3B9487432BA31140CC /* Pods.xcconfig */;
			buildSettings = {
				ASSETCATALOG_COMPILER_APPICON_NAME = AppIcon;
				ASSETCATALOG_COMPILER_LAUNCHIMAGE_NAME = LaunchImage;
				GCC_PRECOMPILE_PREFIX_HEADER = YES;
				GCC_PREFIX_HEADER = "PopDemo/PopDemo-Prefix.pch";
				INFOPLIST_FILE = "PopDemo/PopDemo-Info.plist";
				PRODUCT_NAME = "$(TARGET_NAME)";
				WRAPPER_EXTENSION = app;
			};
			name = Release;
		};
		1E4AB4DC192318FC00B0267F /* Debug */ = {
			isa = XCBuildConfiguration;
			buildSettings = {
				BUNDLE_LOADER = "$(BUILT_PRODUCTS_DIR)/PopDemo.app/PopDemo";
				FRAMEWORK_SEARCH_PATHS = (
					"$(SDKROOT)/Developer/Library/Frameworks",
					"$(inherited)",
					"$(DEVELOPER_FRAMEWORKS_DIR)",
				);
				GCC_PRECOMPILE_PREFIX_HEADER = YES;
				GCC_PREFIX_HEADER = "PopDemo/PopDemo-Prefix.pch";
				GCC_PREPROCESSOR_DEFINITIONS = (
					"DEBUG=1",
					"$(inherited)",
				);
				INFOPLIST_FILE = "PopDemoTests/PopDemoTests-Info.plist";
				PRODUCT_NAME = "$(TARGET_NAME)";
				TEST_HOST = "$(BUNDLE_LOADER)";
				WRAPPER_EXTENSION = xctest;
			};
			name = Debug;
		};
		1E4AB4DD192318FC00B0267F /* Release */ = {
			isa = XCBuildConfiguration;
			buildSettings = {
				BUNDLE_LOADER = "$(BUILT_PRODUCTS_DIR)/PopDemo.app/PopDemo";
				FRAMEWORK_SEARCH_PATHS = (
					"$(SDKROOT)/Developer/Library/Frameworks",
					"$(inherited)",
					"$(DEVELOPER_FRAMEWORKS_DIR)",
				);
				GCC_PRECOMPILE_PREFIX_HEADER = YES;
				GCC_PREFIX_HEADER = "PopDemo/PopDemo-Prefix.pch";
				INFOPLIST_FILE = "PopDemoTests/PopDemoTests-Info.plist";
				PRODUCT_NAME = "$(TARGET_NAME)";
				TEST_HOST = "$(BUNDLE_LOADER)";
				WRAPPER_EXTENSION = xctest;
			};
			name = Release;
		};
/* End XCBuildConfiguration section */

/* Begin XCConfigurationList section */
		1E4AB4A7192318FC00B0267F /* Build configuration list for PBXProject "PopDemo" */ = {
			isa = XCConfigurationList;
			buildConfigurations = (
				1E4AB4D6192318FC00B0267F /* Debug */,
				1E4AB4D7192318FC00B0267F /* Release */,
			);
			defaultConfigurationIsVisible = 0;
			defaultConfigurationName = Release;
		};
		1E4AB4D8192318FC00B0267F /* Build configuration list for PBXNativeTarget "PopDemo" */ = {
			isa = XCConfigurationList;
			buildConfigurations = (
				1E4AB4D9192318FC00B0267F /* Debug */,
				1E4AB4DA192318FC00B0267F /* Release */,
			);
			defaultConfigurationIsVisible = 0;
			defaultConfigurationName = Release;
		};
		1E4AB4DB192318FC00B0267F /* Build configuration list for PBXNativeTarget "PopDemoTests" */ = {
			isa = XCConfigurationList;
			buildConfigurations = (
				1E4AB4DC192318FC00B0267F /* Debug */,
				1E4AB4DD192318FC00B0267F /* Release */,
			);
			defaultConfigurationIsVisible = 0;
			defaultConfigurationName = Release;
		};
/* End XCConfigurationList section */
	};
	rootObject = 1E4AB4A4192318FC00B0267F /* Project object */;
}
